
Microsoft Visual Studio Solution File, Format Version 12.00
# Visual Studio Version 17
VisualStudioVersion = 17.10.34902.84
MinimumVisualStudioVersion = 10.0.40219.1
Project("{8BC9CEB8-8B4A-11D0-8D11-00A0C91BC942}") = "JPEG", "JPEG.vcxproj", "{5AFED11C-B427-498E-BE38-6830EF3493E7}"
EndProject
Global
	GlobalSection(SolutionConfigurationPlatforms) = preSolution
		Debug|x64 = Debug|x64
		Release|x64 = Release|x64
	EndGlobalSection
	GlobalSection(ProjectConfigurationPlatforms) = postSolution
		{5AFED11C-B427-498E-BE38-6830EF3493E7}.Debug|x64.ActiveCfg = Debug|x64
		{5AFED11C-B427-498E-BE38-6830EF3493E7}.Debug|x64.Build.0 = Debug|x64
		{5AFED11C-B427-498E-BE38-6830EF3493E7}.Release|x64.ActiveCfg = Release|x64
		{5AFED11C-B427-498E-BE38-6830EF3493E7}.Release|x64.Build.0 = Release|x64
	EndGlobalSection
	GlobalSection(SolutionProperties) = preSolution
		HideSolutionNode = FALSE
	EndGlobalSection
	GlobalSection(ExtensibilityGlobals) = postSolution
		SolutionGuid = {38CEE31F-CCCD-41F0-9443-3292EE287388}
	EndGlobalSection
EndGlobal
